<?xml version="1.0" encoding="utf-8"?>
<Project ToolsVersion="4.0" xmlns="http://schemas.microsoft.com/developer/msbuild/2003">
  <ItemGroup>
    <ClCompile Include="main.cpp" />
    <ClCompile Include="stdafx.cpp" />
    <ClCompile Include="system\system.cpp" />
    <ClCompile Include="GameScene\Game.cpp">
      <Filter>GameScene</Filter>
    </ClCompile>
    <ClCompile Include="GameScene\MainScene.cpp">
      <Filter>GameScene</Filter>
    </ClCompile>
    <ClCompile Include="Reel\MainReel.cpp">
      <Filter>Reel</Filter>
    </ClCompile>
    <ClCompile Include="SoundManager\SoundManager.cpp">
      <Filter>SoundManager</Filter>
    </ClCompile>
    <ClCompile Include="NumberUI\NumberUI.cpp">
      <Filter>NumberUI</Filter>
    </ClCompile>
  </ItemGroup>
  <ItemGroup>
    <ClInclude Include="stdafx.h" />
    <ClInclude Include="system\system.h" />
    <ClInclude Include="GameScene\Game.h">
      <Filter>GameScene</Filter>
    </ClInclude>
    <ClInclude Include="GameScene\MainScene.h">
      <Filter>GameScene</Filter>
    </ClInclude>
    <ClInclude Include="Reel\MainReel.h">
      <Filter>Reel</Filter>
    </ClInclude>
    <ClInclude Include="SoundManager\SoundManager.h">
      <Filter>SoundManager</Filter>
    </ClInclude>
    <ClInclude Include="NumberUI\NumberUI.h">
      <Filter>NumberUI</Filter>
    </ClInclude>
  </ItemGroup>
  <ItemGroup>
    <Filter Include="GameScene">
      <UniqueIdentifier>{645dc452-7996-44da-8f34-aeaf56ba04ab}</UniqueIdentifier>
    </Filter>
    <Filter Include="Reel">
      <UniqueIdentifier>{f39da14c-cb46-4fe2-9aeb-f8aafd46e289}</UniqueIdentifier>
    </Filter>
    <Filter Include="SoundManager">
      <UniqueIdentifier>{7b7c4050-597a-4ae4-9689-4825eecaf1a5}</UniqueIdentifier>
    </Filter>
    <Filter Include="NumberUI">
      <UniqueIdentifier>{6b3db207-d76e-44b3-8d07-887f8fb7d244}</UniqueIdentifier>
    </Filter>
  </ItemGroup>
</Project>